
Microsoft Visual Studio Solution File, Format Version 12.00
# Visual Studio Version 17
VisualStudioVersion = 17.10.35027.167
MinimumVisualStudioVersion = 10.0.40219.1
Project("{FAE04EC0-301F-11D3-BF4B-00C04F79EFBC}") = "UserInsuranceDetails.WebApi", "UserInsuranceDetails.WebApi\UserInsuranceDetails.WebApi.csproj", "{7780D5D4-9D22-45C3-9DC6-E154B302CD09}"
EndProject
Global
	GlobalSection(SolutionConfigurationPlatforms) = preSolution
		Debug|Any CPU = Debug|Any CPU
		Release|Any CPU = Release|Any CPU
	EndGlobalSection
	GlobalSection(ProjectConfigurationPlatforms) = postSolution
		{7780D5D4-9D22-45C3-9DC6-E154B302CD09}.Debug|Any CPU.ActiveCfg = Debug|Any CPU
		{7780D5D4-9D22-45C3-9DC6-E154B302CD09}.Debug|Any CPU.Build.0 = Debug|Any CPU
		{7780D5D4-9D22-45C3-9DC6-E154B302CD09}.Release|Any CPU.ActiveCfg = Release|Any CPU
		{7780D5D4-9D22-45C3-9DC6-E154B302CD09}.Release|Any CPU.Build.0 = Release|Any CPU
	EndGlobalSection
	GlobalSection(SolutionProperties) = preSolution
		HideSolutionNode = FALSE
	EndGlobalSection
	GlobalSection(ExtensibilityGlobals) = postSolution
		SolutionGuid = {A6801EB4-6B67-4639-BB58-28F09209B50A}
	EndGlobalSection
EndGlobal
